// !$*UTF8*$!
{
	archiveVersion = 1;
	classes = {
	};
	objectVersion = 50;
	objects = {

/* Begin PBXBuildFile section */
		61094BC725338A3100D6DA5B /* NewsFeed.swift in Sources */ = {isa = PBXBuildFile; fileRef = 61094BC625338A3100D6DA5B /* NewsFeed.swift */; };
		61094BCF2535132600D6DA5B /* NewsDetail.swift in Sources */ = {isa = PBXBuildFile; fileRef = 61094BCE2535132600D6DA5B /* NewsDetail.swift */; };
		61094BD72535148800D6DA5B /* NewsRow.swift in Sources */ = {isa = PBXBuildFile; fileRef = 61094BD62535148800D6DA5B /* NewsRow.swift */; };
		61094BDF2535158400D6DA5B /* NewsData.swift in Sources */ = {isa = PBXBuildFile; fileRef = 61094BDE2535158400D6DA5B /* NewsData.swift */; };
		61094BE42535163C00D6DA5B /* newsJsonParser.swift in Sources */ = {isa = PBXBuildFile; fileRef = 61094BE32535163C00D6DA5B /* newsJsonParser.swift */; };
		61094BF625351A7A00D6DA5B /* newsData.json in Resources */ = {isa = PBXBuildFile; fileRef = 61094BF225351A7A00D6DA5B /* newsData.json */; };
		61094C0025351CE100D6DA5B /* regbynews1.jpg in Resources */ = {isa = PBXBuildFile; fileRef = 61094BFF25351CE100D6DA5B /* regbynews1.jpg */; };
		615ACAE52536381C00ADC148 /* newsend.jpg in Resources */ = {isa = PBXBuildFile; fileRef = 615ACAE42536381C00ADC148 /* newsend.jpg */; };
		615ACAF3253640FB00ADC148 /* regbynews2.jpg in Resources */ = {isa = PBXBuildFile; fileRef = 615ACAF2253640FB00ADC148 /* regbynews2.jpg */; };
		6198E5512537700100A58916 /* ChildHostController.swift in Sources */ = {isa = PBXBuildFile; fileRef = 6198E5502537700100A58916 /* ChildHostController.swift */; };
		AFAF3CD82523B86A00BF9D48 /* AppDelegate.swift in Sources */ = {isa = PBXBuildFile; fileRef = AFAF3CD72523B86A00BF9D48 /* AppDelegate.swift */; };
		AFAF3CDA2523B86A00BF9D48 /* SceneDelegate.swift in Sources */ = {isa = PBXBuildFile; fileRef = AFAF3CD92523B86A00BF9D48 /* SceneDelegate.swift */; };
		AFAF3CDC2523B86A00BF9D48 /* ViewController.swift in Sources */ = {isa = PBXBuildFile; fileRef = AFAF3CDB2523B86A00BF9D48 /* ViewController.swift */; };
		AFAF3CDF2523B86A00BF9D48 /* Main.storyboard in Resources */ = {isa = PBXBuildFile; fileRef = AFAF3CDD2523B86A00BF9D48 /* Main.storyboard */; };
		AFAF3CE22523B86A00BF9D48 /* Rugby_Federation.xcdatamodeld in Sources */ = {isa = PBXBuildFile; fileRef = AFAF3CE02523B86A00BF9D48 /* Rugby_Federation.xcdatamodeld */; };
		AFAF3CE42523B86F00BF9D48 /* Assets.xcassets in Resources */ = {isa = PBXBuildFile; fileRef = AFAF3CE32523B86F00BF9D48 /* Assets.xcassets */; };
		AFAF3CE72523B86F00BF9D48 /* LaunchScreen.storyboard in Resources */ = {isa = PBXBuildFile; fileRef = AFAF3CE52523B86F00BF9D48 /* LaunchScreen.storyboard */; };
		AFAF3CF22523B87000BF9D48 /* Rugby_FederationTests.swift in Sources */ = {isa = PBXBuildFile; fileRef = AFAF3CF12523B87000BF9D48 /* Rugby_FederationTests.swift */; };
		AFAF3CFD2523B87000BF9D48 /* Rugby_FederationUITests.swift in Sources */ = {isa = PBXBuildFile; fileRef = AFAF3CFC2523B87000BF9D48 /* Rugby_FederationUITests.swift */; };
/* End PBXBuildFile section */

/* Begin PBXContainerItemProxy section */
		AFAF3CEE2523B87000BF9D48 /* PBXContainerItemProxy */ = {
			isa = PBXContainerItemProxy;
			containerPortal = AFAF3CCC2523B86A00BF9D48 /* Project object */;
			proxyType = 1;
			remoteGlobalIDString = AFAF3CD32523B86A00BF9D48;
			remoteInfo = "Rugby Federation";
		};
		AFAF3CF92523B87000BF9D48 /* PBXContainerItemProxy */ = {
			isa = PBXContainerItemProxy;
			containerPortal = AFAF3CCC2523B86A00BF9D48 /* Project object */;
			proxyType = 1;
			remoteGlobalIDString = AFAF3CD32523B86A00BF9D48;
			remoteInfo = "Rugby Federation";
		};
/* End PBXContainerItemProxy section */

/* Begin PBXFileReference section */
		61094BC625338A3100D6DA5B /* NewsFeed.swift */ = {isa = PBXFileReference; lastKnownFileType = sourcecode.swift; path = NewsFeed.swift; sourceTree = "<group>"; };
		61094BCE2535132600D6DA5B /* NewsDetail.swift */ = {isa = PBXFileReference; lastKnownFileType = sourcecode.swift; path = NewsDetail.swift; sourceTree = "<group>"; };
		61094BD62535148800D6DA5B /* NewsRow.swift */ = {isa = PBXFileReference; lastKnownFileType = sourcecode.swift; path = NewsRow.swift; sourceTree = "<group>"; };
		61094BDE2535158400D6DA5B /* NewsData.swift */ = {isa = PBXFileReference; lastKnownFileType = sourcecode.swift; path = NewsData.swift; sourceTree = "<group>"; };
		61094BE32535163C00D6DA5B /* newsJsonParser.swift */ = {isa = PBXFileReference; lastKnownFileType = sourcecode.swift; path = newsJsonParser.swift; sourceTree = "<group>"; };
		61094BF225351A7A00D6DA5B /* newsData.json */ = {isa = PBXFileReference; fileEncoding = 4; lastKnownFileType = text.json; name = newsData.json; path = "Rugby Federation/Resources/newsData.json"; sourceTree = SOURCE_ROOT; };
		61094BFF25351CE100D6DA5B /* regbynews1.jpg */ = {isa = PBXFileReference; lastKnownFileType = image.jpeg; name = regbynews1.jpg; path = "Rugby Federation/Resources/regbynews1.jpg"; sourceTree = SOURCE_ROOT; };
		615ACAE42536381C00ADC148 /* newsend.jpg */ = {isa = PBXFileReference; lastKnownFileType = image.jpeg; name = newsend.jpg; path = "Rugby Federation/Resources/newsend.jpg"; sourceTree = SOURCE_ROOT; };
		615ACAF2253640FB00ADC148 /* regbynews2.jpg */ = {isa = PBXFileReference; lastKnownFileType = image.jpeg; name = regbynews2.jpg; path = "Rugby Federation/Resources/regbynews2.jpg"; sourceTree = SOURCE_ROOT; };
		6198E5502537700100A58916 /* ChildHostController.swift */ = {isa = PBXFileReference; lastKnownFileType = sourcecode.swift; path = ChildHostController.swift; sourceTree = "<group>"; };
		AFAF3CD42523B86A00BF9D48 /* Rugby Federation.app */ = {isa = PBXFileReference; explicitFileType = wrapper.application; includeInIndex = 0; path = "Rugby Federation.app"; sourceTree = BUILT_PRODUCTS_DIR; };
		AFAF3CD72523B86A00BF9D48 /* AppDelegate.swift */ = {isa = PBXFileReference; lastKnownFileType = sourcecode.swift; path = AppDelegate.swift; sourceTree = "<group>"; };
		AFAF3CD92523B86A00BF9D48 /* SceneDelegate.swift */ = {isa = PBXFileReference; lastKnownFileType = sourcecode.swift; path = SceneDelegate.swift; sourceTree = "<group>"; };
		AFAF3CDB2523B86A00BF9D48 /* ViewController.swift */ = {isa = PBXFileReference; lastKnownFileType = sourcecode.swift; path = ViewController.swift; sourceTree = "<group>"; };
		AFAF3CDE2523B86A00BF9D48 /* Base */ = {isa = PBXFileReference; lastKnownFileType = file.storyboard; name = Base; path = Base.lproj/Main.storyboard; sourceTree = "<group>"; };
		AFAF3CE12523B86A00BF9D48 /* Rugby_Federation.xcdatamodel */ = {isa = PBXFileReference; lastKnownFileType = wrapper.xcdatamodel; path = Rugby_Federation.xcdatamodel; sourceTree = "<group>"; };
		AFAF3CE32523B86F00BF9D48 /* Assets.xcassets */ = {isa = PBXFileReference; lastKnownFileType = folder.assetcatalog; path = Assets.xcassets; sourceTree = "<group>"; };
		AFAF3CE62523B86F00BF9D48 /* Base */ = {isa = PBXFileReference; lastKnownFileType = file.storyboard; name = Base; path = Base.lproj/LaunchScreen.storyboard; sourceTree = "<group>"; };
		AFAF3CE82523B86F00BF9D48 /* Info.plist */ = {isa = PBXFileReference; lastKnownFileType = text.plist.xml; path = Info.plist; sourceTree = "<group>"; };
		AFAF3CED2523B87000BF9D48 /* Rugby FederationTests.xctest */ = {isa = PBXFileReference; explicitFileType = wrapper.cfbundle; includeInIndex = 0; path = "Rugby FederationTests.xctest"; sourceTree = BUILT_PRODUCTS_DIR; };
		AFAF3CF12523B87000BF9D48 /* Rugby_FederationTests.swift */ = {isa = PBXFileReference; lastKnownFileType = sourcecode.swift; path = Rugby_FederationTests.swift; sourceTree = "<group>"; };
		AFAF3CF32523B87000BF9D48 /* Info.plist */ = {isa = PBXFileReference; lastKnownFileType = text.plist.xml; path = Info.plist; sourceTree = "<group>"; };
		AFAF3CF82523B87000BF9D48 /* Rugby FederationUITests.xctest */ = {isa = PBXFileReference; explicitFileType = wrapper.cfbundle; includeInIndex = 0; path = "Rugby FederationUITests.xctest"; sourceTree = BUILT_PRODUCTS_DIR; };
		AFAF3CFC2523B87000BF9D48 /* Rugby_FederationUITests.swift */ = {isa = PBXFileReference; lastKnownFileType = sourcecode.swift; path = Rugby_FederationUITests.swift; sourceTree = "<group>"; };
		AFAF3CFE2523B87000BF9D48 /* Info.plist */ = {isa = PBXFileReference; lastKnownFileType = text.plist.xml; path = Info.plist; sourceTree = "<group>"; };
/* End PBXFileReference section */

/* Begin PBXFrameworksBuildPhase section */
		AFAF3CD12523B86A00BF9D48 /* Frameworks */ = {
			isa = PBXFrameworksBuildPhase;
			buildActionMask = 2147483647;
			files = (
			);
			runOnlyForDeploymentPostprocessing = 0;
		};
		AFAF3CEA2523B87000BF9D48 /* Frameworks */ = {
			isa = PBXFrameworksBuildPhase;
			buildActionMask = 2147483647;
			files = (
			);
			runOnlyForDeploymentPostprocessing = 0;
		};
		AFAF3CF52523B87000BF9D48 /* Frameworks */ = {
			isa = PBXFrameworksBuildPhase;
			buildActionMask = 2147483647;
			files = (
			);
			runOnlyForDeploymentPostprocessing = 0;
		};
/* End PBXFrameworksBuildPhase section */

/* Begin PBXGroup section */
		61094BB9253388A900D6DA5B /* news UI */ = {
			isa = PBXGroup;
			children = (
				61094BC625338A3100D6DA5B /* NewsFeed.swift */,
				61094BCE2535132600D6DA5B /* NewsDetail.swift */,
				61094BD62535148800D6DA5B /* NewsRow.swift */,
				61094BDE2535158400D6DA5B /* NewsData.swift */,
				61094BE32535163C00D6DA5B /* newsJsonParser.swift */,
			);
			path = "news UI";
			sourceTree = "<group>";
		};
		61094BE82535172700D6DA5B /* Resources */ = {
			isa = PBXGroup;
			children = (
				61094BF225351A7A00D6DA5B /* newsData.json */,
				61094BFF25351CE100D6DA5B /* regbynews1.jpg */,
				615ACAF2253640FB00ADC148 /* regbynews2.jpg */,
				615ACAE42536381C00ADC148 /* newsend.jpg */,
			);
			name = Resources;
			path = "Rugby Federation/Resources";
			sourceTree = SOURCE_ROOT;
		};
		AFAF3CCB2523B86A00BF9D48 = {
			isa = PBXGroup;
			children = (
				AFAF3CD62523B86A00BF9D48 /* Rugby Federation */,
				AFAF3CF02523B87000BF9D48 /* Rugby FederationTests */,
				AFAF3CFB2523B87000BF9D48 /* Rugby FederationUITests */,
				AFAF3CD52523B86A00BF9D48 /* Products */,
			);
			sourceTree = "<group>";
		};
		AFAF3CD52523B86A00BF9D48 /* Products */ = {
			isa = PBXGroup;
			children = (
				AFAF3CD42523B86A00BF9D48 /* Rugby Federation.app */,
				AFAF3CED2523B87000BF9D48 /* Rugby FederationTests.xctest */,
				AFAF3CF82523B87000BF9D48 /* Rugby FederationUITests.xctest */,
			);
			name = Products;
			sourceTree = "<group>";
		};
		AFAF3CD62523B86A00BF9D48 /* Rugby Federation */ = {
			isa = PBXGroup;
			children = (
				61094BE82535172700D6DA5B /* Resources */,
				61094BB9253388A900D6DA5B /* news UI */,
				AFAF3CD92523B86A00BF9D48 /* SceneDelegate.swift */,
				AFAF3CD72523B86A00BF9D48 /* AppDelegate.swift */,
				AFAF3CDB2523B86A00BF9D48 /* ViewController.swift */,
				6198E5502537700100A58916 /* ChildHostController.swift */,
				AFAF3CDD2523B86A00BF9D48 /* Main.storyboard */,
				AFAF3CE32523B86F00BF9D48 /* Assets.xcassets */,
				AFAF3CE52523B86F00BF9D48 /* LaunchScreen.storyboard */,
				AFAF3CE82523B86F00BF9D48 /* Info.plist */,
				AFAF3CE02523B86A00BF9D48 /* Rugby_Federation.xcdatamodeld */,
			);
			path = "Rugby Federation";
			sourceTree = "<group>";
		};
		AFAF3CF02523B87000BF9D48 /* Rugby FederationTests */ = {
			isa = PBXGroup;
			children = (
				AFAF3CF12523B87000BF9D48 /* Rugby_FederationTests.swift */,
				AFAF3CF32523B87000BF9D48 /* Info.plist */,
			);
			path = "Rugby FederationTests";
			sourceTree = "<group>";
		};
		AFAF3CFB2523B87000BF9D48 /* Rugby FederationUITests */ = {
			isa = PBXGroup;
			children = (
				AFAF3CFC2523B87000BF9D48 /* Rugby_FederationUITests.swift */,
				AFAF3CFE2523B87000BF9D48 /* Info.plist */,
			);
			path = "Rugby FederationUITests";
			sourceTree = "<group>";
		};
/* End PBXGroup section */

/* Begin PBXNativeTarget section */
		AFAF3CD32523B86A00BF9D48 /* Rugby Federation */ = {
			isa = PBXNativeTarget;
			buildConfigurationList = AFAF3D012523B87000BF9D48 /* Build configuration list for PBXNativeTarget "Rugby Federation" */;
			buildPhases = (
				AFAF3CD02523B86A00BF9D48 /* Sources */,
				AFAF3CD12523B86A00BF9D48 /* Frameworks */,
				AFAF3CD22523B86A00BF9D48 /* Resources */,
			);
			buildRules = (
			);
			dependencies = (
			);
			name = "Rugby Federation";
			productName = "Rugby Federation";
			productReference = AFAF3CD42523B86A00BF9D48 /* Rugby Federation.app */;
			productType = "com.apple.product-type.application";
		};
		AFAF3CEC2523B87000BF9D48 /* Rugby FederationTests */ = {
			isa = PBXNativeTarget;
			buildConfigurationList = AFAF3D042523B87000BF9D48 /* Build configuration list for PBXNativeTarget "Rugby FederationTests" */;
			buildPhases = (
				AFAF3CE92523B87000BF9D48 /* Sources */,
				AFAF3CEA2523B87000BF9D48 /* Frameworks */,
				AFAF3CEB2523B87000BF9D48 /* Resources */,
			);
			buildRules = (
			);
			dependencies = (
				AFAF3CEF2523B87000BF9D48 /* PBXTargetDependency */,
			);
			name = "Rugby FederationTests";
			productName = "Rugby FederationTests";
			productReference = AFAF3CED2523B87000BF9D48 /* Rugby FederationTests.xctest */;
			productType = "com.apple.product-type.bundle.unit-test";
		};
		AFAF3CF72523B87000BF9D48 /* Rugby FederationUITests */ = {
			isa = PBXNativeTarget;
			buildConfigurationList = AFAF3D072523B87000BF9D48 /* Build configuration list for PBXNativeTarget "Rugby FederationUITests" */;
			buildPhases = (
				AFAF3CF42523B87000BF9D48 /* Sources */,
				AFAF3CF52523B87000BF9D48 /* Frameworks */,
				AFAF3CF62523B87000BF9D48 /* Resources */,
			);
			buildRules = (
			);
			dependencies = (
				AFAF3CFA2523B87000BF9D48 /* PBXTargetDependency */,
			);
			name = "Rugby FederationUITests";
			productName = "Rugby FederationUITests";
			productReference = AFAF3CF82523B87000BF9D48 /* Rugby FederationUITests.xctest */;
			productType = "com.apple.product-type.bundle.ui-testing";
		};
/* End PBXNativeTarget section */

/* Begin PBXProject section */
		AFAF3CCC2523B86A00BF9D48 /* Project object */ = {
			isa = PBXProject;
			attributes = {
				LastSwiftUpdateCheck = 1170;
				LastUpgradeCheck = 1170;
				ORGANIZATIONNAME = Master;
				TargetAttributes = {
					AFAF3CD32523B86A00BF9D48 = {
						CreatedOnToolsVersion = 11.7;
					};
					AFAF3CEC2523B87000BF9D48 = {
						CreatedOnToolsVersion = 11.7;
						TestTargetID = AFAF3CD32523B86A00BF9D48;
					};
					AFAF3CF72523B87000BF9D48 = {
						CreatedOnToolsVersion = 11.7;
						TestTargetID = AFAF3CD32523B86A00BF9D48;
					};
				};
			};
			buildConfigurationList = AFAF3CCF2523B86A00BF9D48 /* Build configuration list for PBXProject "Rugby Federation" */;
			compatibilityVersion = "Xcode 9.3";
			developmentRegion = en;
			hasScannedForEncodings = 0;
			knownRegions = (
				en,
				Base,
			);
			mainGroup = AFAF3CCB2523B86A00BF9D48;
			productRefGroup = AFAF3CD52523B86A00BF9D48 /* Products */;
			projectDirPath = "";
			projectRoot = "";
			targets = (
				AFAF3CD32523B86A00BF9D48 /* Rugby Federation */,
				AFAF3CEC2523B87000BF9D48 /* Rugby FederationTests */,
				AFAF3CF72523B87000BF9D48 /* Rugby FederationUITests */,
			);
		};
/* End PBXProject section */

/* Begin PBXResourcesBuildPhase section */
		AFAF3CD22523B86A00BF9D48 /* Resources */ = {
			isa = PBXResourcesBuildPhase;
			buildActionMask = 2147483647;
			files = (
				AFAF3CE72523B86F00BF9D48 /* LaunchScreen.storyboard in Resources */,
				61094C0025351CE100D6DA5B /* regbynews1.jpg in Resources */,
				615ACAE52536381C00ADC148 /* newsend.jpg in Resources */,
				AFAF3CE42523B86F00BF9D48 /* Assets.xcassets in Resources */,
				615ACAF3253640FB00ADC148 /* regbynews2.jpg in Resources */,
				AFAF3CDF2523B86A00BF9D48 /* Main.storyboard in Resources */,
				61094BF625351A7A00D6DA5B /* newsData.json in Resources */,
			);
			runOnlyForDeploymentPostprocessing = 0;
		};
		AFAF3CEB2523B87000BF9D48 /* Resources */ = {
			isa = PBXResourcesBuildPhase;
			buildActionMask = 2147483647;
			files = (
			);
			runOnlyForDeploymentPostprocessing = 0;
		};
		AFAF3CF62523B87000BF9D48 /* Resources */ = {
			isa = PBXResourcesBuildPhase;
			buildActionMask = 2147483647;
			files = (
			);
			runOnlyForDeploymentPostprocessing = 0;
		};
/* End PBXResourcesBuildPhase section */

/* Begin PBXSourcesBuildPhase section */
		AFAF3CD02523B86A00BF9D48 /* Sources */ = {
			isa = PBXSourcesBuildPhase;
			buildActionMask = 2147483647;
			files = (
				6198E5512537700100A58916 /* ChildHostController.swift in Sources */,
				AFAF3CDC2523B86A00BF9D48 /* ViewController.swift in Sources */,
				61094BCF2535132600D6DA5B /* NewsDetail.swift in Sources */,
				61094BE42535163C00D6DA5B /* newsJsonParser.swift in Sources */,
				AFAF3CD82523B86A00BF9D48 /* AppDelegate.swift in Sources */,
				AFAF3CE22523B86A00BF9D48 /* Rugby_Federation.xcdatamodeld in Sources */,
				61094BD72535148800D6DA5B /* NewsRow.swift in Sources */,
				AFAF3CDA2523B86A00BF9D48 /* SceneDelegate.swift in Sources */,
				61094BC725338A3100D6DA5B /* NewsFeed.swift in Sources */,
				61094BDF2535158400D6DA5B /* NewsData.swift in Sources */,
			);
			runOnlyForDeploymentPostprocessing = 0;
		};
		AFAF3CE92523B87000BF9D48 /* Sources */ = {
			isa = PBXSourcesBuildPhase;
			buildActionMask = 2147483647;
			files = (
				AFAF3CF22523B87000BF9D48 /* Rugby_FederationTests.swift in Sources */,
			);
			runOnlyForDeploymentPostprocessing = 0;
		};
		AFAF3CF42523B87000BF9D48 /* Sources */ = {
			isa = PBXSourcesBuildPhase;
			buildActionMask = 2147483647;
			files = (
				AFAF3CFD2523B87000BF9D48 /* Rugby_FederationUITests.swift in Sources */,
			);
			runOnlyForDeploymentPostprocessing = 0;
		};
/* End PBXSourcesBuildPhase section */

/* Begin PBXTargetDependency section */
		AFAF3CEF2523B87000BF9D48 /* PBXTargetDependency */ = {
			isa = PBXTargetDependency;
			target = AFAF3CD32523B86A00BF9D48 /* Rugby Federation */;
			targetProxy = AFAF3CEE2523B87000BF9D48 /* PBXContainerItemProxy */;
		};
		AFAF3CFA2523B87000BF9D48 /* PBXTargetDependency */ = {
			isa = PBXTargetDependency;
			target = AFAF3CD32523B86A00BF9D48 /* Rugby Federation */;
			targetProxy = AFAF3CF92523B87000BF9D48 /* PBXContainerItemProxy */;
		};
/* End PBXTargetDependency section */

/* Begin PBXVariantGroup section */
		AFAF3CDD2523B86A00BF9D48 /* Main.storyboard */ = {
			isa = PBXVariantGroup;
			children = (
				AFAF3CDE2523B86A00BF9D48 /* Base */,
			);
			name = Main.storyboard;
			sourceTree = "<group>";
		};
		AFAF3CE52523B86F00BF9D48 /* LaunchScreen.storyboard */ = {
			isa = PBXVariantGroup;
			children = (
				AFAF3CE62523B86F00BF9D48 /* Base */,
			);
			name = LaunchScreen.storyboard;
			sourceTree = "<group>";
		};
/* End PBXVariantGroup section */

/* Begin XCBuildConfiguration section */
		AFAF3CFF2523B87000BF9D48 /* Debug */ = {
			isa = XCBuildConfiguration;
			buildSettings = {
				ALWAYS_SEARCH_USER_PATHS = NO;
				CLANG_ANALYZER_NONNULL = YES;
				CLANG_ANALYZER_NUMBER_OBJECT_CONVERSION = YES_AGGRESSIVE;
				CLANG_CXX_LANGUAGE_STANDARD = "gnu++14";
				CLANG_CXX_LIBRARY = "libc++";
				CLANG_ENABLE_MODULES = YES;
				CLANG_ENABLE_OBJC_ARC = YES;
				CLANG_ENABLE_OBJC_WEAK = YES;
				CLANG_WARN_BLOCK_CAPTURE_AUTORELEASING = YES;
				CLANG_WARN_BOOL_CONVERSION = YES;
				CLANG_WARN_COMMA = YES;
				CLANG_WARN_CONSTANT_CONVERSION = YES;
				CLANG_WARN_DEPRECATED_OBJC_IMPLEMENTATIONS = YES;
				CLANG_WARN_DIRECT_OBJC_ISA_USAGE = YES_ERROR;
				CLANG_WARN_DOCUMENTATION_COMMENTS = YES;
				CLANG_WARN_EMPTY_BODY = YES;
				CLANG_WARN_ENUM_CONVERSION = YES;
				CLANG_WARN_INFINITE_RECURSION = YES;
				CLANG_WARN_INT_CONVERSION = YES;
				CLANG_WARN_NON_LITERAL_NULL_CONVERSION = YES;
				CLANG_WARN_OBJC_IMPLICIT_RETAIN_SELF = YES;
				CLANG_WARN_OBJC_LITERAL_CONVERSION = YES;
				CLANG_WARN_OBJC_ROOT_CLASS = YES_ERROR;
				CLANG_WARN_RANGE_LOOP_ANALYSIS = YES;
				CLANG_WARN_STRICT_PROTOTYPES = YES;
				CLANG_WARN_SUSPICIOUS_MOVE = YES;
				CLANG_WARN_UNGUARDED_AVAILABILITY = YES_AGGRESSIVE;
				CLANG_WARN_UNREACHABLE_CODE = YES;
				CLANG_WARN__DUPLICATE_METHOD_MATCH = YES;
				COPY_PHASE_STRIP = NO;
				DEBUG_INFORMATION_FORMAT = dwarf;
				ENABLE_STRICT_OBJC_MSGSEND = YES;
				ENABLE_TESTABILITY = YES;
				GCC_C_LANGUAGE_STANDARD = gnu11;
				GCC_DYNAMIC_NO_PIC = NO;
				GCC_NO_COMMON_BLOCKS = YES;
				GCC_OPTIMIZATION_LEVEL = 0;
				GCC_PREPROCESSOR_DEFINITIONS = (
					"DEBUG=1",
					"$(inherited)",
				);
				GCC_WARN_64_TO_32_BIT_CONVERSION = YES;
				GCC_WARN_ABOUT_RETURN_TYPE = YES_ERROR;
				GCC_WARN_UNDECLARED_SELECTOR = YES;
				GCC_WARN_UNINITIALIZED_AUTOS = YES_AGGRESSIVE;
				GCC_WARN_UNUSED_FUNCTION = YES;
				GCC_WARN_UNUSED_VARIABLE = YES;
				IPHONEOS_DEPLOYMENT_TARGET = 13.7;
				MTL_ENABLE_DEBUG_INFO = INCLUDE_SOURCE;
				MTL_FAST_MATH = YES;
				ONLY_ACTIVE_ARCH = YES;
				SDKROOT = iphoneos;
				SWIFT_ACTIVE_COMPILATION_CONDITIONS = DEBUG;
				SWIFT_OPTIMIZATION_LEVEL = "-Onone";
			};
			name = Debug;
		};
		AFAF3D002523B87000BF9D48 /* Release */ = {
			isa = XCBuildConfiguration;
			buildSettings = {
				ALWAYS_SEARCH_USER_PATHS = NO;
				CLANG_ANALYZER_NONNULL = YES;
				CLANG_ANALYZER_NUMBER_OBJECT_CONVERSION = YES_AGGRESSIVE;
				CLANG_CXX_LANGUAGE_STANDARD = "gnu++14";
				CLANG_CXX_LIBRARY = "libc++";
				CLANG_ENABLE_MODULES = YES;
				CLANG_ENABLE_OBJC_ARC = YES;
				CLANG_ENABLE_OBJC_WEAK = YES;
				CLANG_WARN_BLOCK_CAPTURE_AUTORELEASING = YES;
				CLANG_WARN_BOOL_CONVERSION = YES;
				CLANG_WARN_COMMA = YES;
				CLANG_WARN_CONSTANT_CONVERSION = YES;
				CLANG_WARN_DEPRECATED_OBJC_IMPLEMENTATIONS = YES;
				CLANG_WARN_DIRECT_OBJC_ISA_USAGE = YES_ERROR;
				CLANG_WARN_DOCUMENTATION_COMMENTS = YES;
				CLANG_WARN_EMPTY_BODY = YES;
				CLANG_WARN_ENUM_CONVERSION = YES;
				CLANG_WARN_INFINITE_RECURSION = YES;
				CLANG_WARN_INT_CONVERSION = YES;
				CLANG_WARN_NON_LITERAL_NULL_CONVERSION = YES;
				CLANG_WARN_OBJC_IMPLICIT_RETAIN_SELF = YES;
				CLANG_WARN_OBJC_LITERAL_CONVERSION = YES;
				CLANG_WARN_OBJC_ROOT_CLASS = YES_ERROR;
				CLANG_WARN_RANGE_LOOP_ANALYSIS = YES;
				CLANG_WARN_STRICT_PROTOTYPES = YES;
				CLANG_WARN_SUSPICIOUS_MOVE = YES;
				CLANG_WARN_UNGUARDED_AVAILABILITY = YES_AGGRESSIVE;
				CLANG_WARN_UNREACHABLE_CODE = YES;
				CLANG_WARN__DUPLICATE_METHOD_MATCH = YES;
				COPY_PHASE_STRIP = NO;
				DEBUG_INFORMATION_FORMAT = "dwarf-with-dsym";
				ENABLE_NS_ASSERTIONS = NO;
				ENABLE_STRICT_OBJC_MSGSEND = YES;
				GCC_C_LANGUAGE_STANDARD = gnu11;
				GCC_NO_COMMON_BLOCKS = YES;
				GCC_WARN_64_TO_32_BIT_CONVERSION = YES;
				GCC_WARN_ABOUT_RETURN_TYPE = YES_ERROR;
				GCC_WARN_UNDECLARED_SELECTOR = YES;
				GCC_WARN_UNINITIALIZED_AUTOS = YES_AGGRESSIVE;
				GCC_WARN_UNUSED_FUNCTION = YES;
				GCC_WARN_UNUSED_VARIABLE = YES;
				IPHONEOS_DEPLOYMENT_TARGET = 13.7;
				MTL_ENABLE_DEBUG_INFO = NO;
				MTL_FAST_MATH = YES;
				SDKROOT = iphoneos;
				SWIFT_COMPILATION_MODE = wholemodule;
				SWIFT_OPTIMIZATION_LEVEL = "-O";
				VALIDATE_PRODUCT = YES;
			};
			name = Release;
		};
		AFAF3D022523B87000BF9D48 /* Debug */ = {
			isa = XCBuildConfiguration;
			buildSettings = {
				ASSETCATALOG_COMPILER_APPICON_NAME = AppIcon;
				CODE_SIGN_STYLE = Automatic;
				DEVELOPMENT_TEAM = SZ24TTUHBL;
				INFOPLIST_FILE = "Rugby Federation/Info.plist";
				LD_RUNPATH_SEARCH_PATHS = (
					"$(inherited)",
					"@executable_path/Frameworks",
				);
				PRODUCT_BUNDLE_IDENTIFIER = "SmellCodeCompany.Rugby-Federation";
				PRODUCT_NAME = "$(TARGET_NAME)";
				SWIFT_VERSION = 5.0;
				TARGETED_DEVICE_FAMILY = "1,2";
			};
			name = Debug;
		};
		AFAF3D032523B87000BF9D48 /* Release */ = {
			isa = XCBuildConfiguration;
			buildSettings = {
				ASSETCATALOG_COMPILER_APPICON_NAME = AppIcon;
				CODE_SIGN_STYLE = Automatic;
				DEVELOPMENT_TEAM = SZ24TTUHBL;
				INFOPLIST_FILE = "Rugby Federation/Info.plist";
				LD_RUNPATH_SEARCH_PATHS = (
					"$(inherited)",
					"@executable_path/Frameworks",
				);
				PRODUCT_BUNDLE_IDENTIFIER = "SmellCodeCompany.Rugby-Federation";
				PRODUCT_NAME = "$(TARGET_NAME)";
				SWIFT_VERSION = 5.0;
				TARGETED_DEVICE_FAMILY = "1,2";
			};
			name = Release;
		};
		AFAF3D052523B87000BF9D48 /* Debug */ = {
			isa = XCBuildConfiguration;
			buildSettings = {
				ALWAYS_EMBED_SWIFT_STANDARD_LIBRARIES = YES;
				BUNDLE_LOADER = "$(TEST_HOST)";
				CODE_SIGN_STYLE = Automatic;
				DEVELOPMENT_TEAM = 6ST99NHL2U;
				INFOPLIST_FILE = "Rugby FederationTests/Info.plist";
				IPHONEOS_DEPLOYMENT_TARGET = 13.7;
				LD_RUNPATH_SEARCH_PATHS = (
					"$(inherited)",
					"@executable_path/Frameworks",
					"@loader_path/Frameworks",
				);
				PRODUCT_BUNDLE_IDENTIFIER = "SmellCodeCompany.Rugby-FederationTests";
				PRODUCT_NAME = "$(TARGET_NAME)";
				SWIFT_VERSION = 5.0;
				TARGETED_DEVICE_FAMILY = "1,2";
				TEST_HOST = "$(BUILT_PRODUCTS_DIR)/Rugby Federation.app/Rugby Federation";
			};
			name = Debug;
		};
		AFAF3D062523B87000BF9D48 /* Release */ = {
			isa = XCBuildConfiguration;
			buildSettings = {
				ALWAYS_EMBED_SWIFT_STANDARD_LIBRARIES = YES;
				BUNDLE_LOADER = "$(TEST_HOST)";
				CODE_SIGN_STYLE = Automatic;
				DEVELOPMENT_TEAM = 6ST99NHL2U;
				INFOPLIST_FILE = "Rugby FederationTests/Info.plist";
				IPHONEOS_DEPLOYMENT_TARGET = 13.7;
				LD_RUNPATH_SEARCH_PATHS = (
					"$(inherited)",
					"@executable_path/Frameworks",
					"@loader_path/Frameworks",
				);
				PRODUCT_BUNDLE_IDENTIFIER = "SmellCodeCompany.Rugby-FederationTests";
				PRODUCT_NAME = "$(TARGET_NAME)";
				SWIFT_VERSION = 5.0;
				TARGETED_DEVICE_FAMILY = "1,2";
				TEST_HOST = "$(BUILT_PRODUCTS_DIR)/Rugby Federation.app/Rugby Federation";
			};
			name = Release;
		};
		AFAF3D082523B87000BF9D48 /* Debug */ = {
			isa = XCBuildConfiguration;
			buildSettings = {
				ALWAYS_EMBED_SWIFT_STANDARD_LIBRARIES = YES;
				CODE_SIGN_STYLE = Automatic;
				DEVELOPMENT_TEAM = 6ST99NHL2U;
				INFOPLIST_FILE = "Rugby FederationUITests/Info.plist";
				LD_RUNPATH_SEARCH_PATHS = (
					"$(inherited)",
					"@executable_path/Frameworks",
					"@loader_path/Frameworks",
				);
				PRODUCT_BUNDLE_IDENTIFIER = "SmellCodeCompany.Rugby-FederationUITests";
				PRODUCT_NAME = "$(TARGET_NAME)";
				SWIFT_VERSION = 5.0;
				TARGETED_DEVICE_FAMILY = "1,2";
				TEST_TARGET_NAME = "Rugby Federation";
			};
			name = Debug;
		};
		AFAF3D092523B87000BF9D48 /* Release */ = {
			isa = XCBuildConfiguration;
			buildSettings = {
				ALWAYS_EMBED_SWIFT_STANDARD_LIBRARIES = YES;
				CODE_SIGN_STYLE = Automatic;
				DEVELOPMENT_TEAM = 6ST99NHL2U;
				INFOPLIST_FILE = "Rugby FederationUITests/Info.plist";
				LD_RUNPATH_SEARCH_PATHS = (
					"$(inherited)",
					"@executable_path/Frameworks",
					"@loader_path/Frameworks",
				);
				PRODUCT_BUNDLE_IDENTIFIER = "SmellCodeCompany.Rugby-FederationUITests";
				PRODUCT_NAME = "$(TARGET_NAME)";
				SWIFT_VERSION = 5.0;
				TARGETED_DEVICE_FAMILY = "1,2";
				TEST_TARGET_NAME = "Rugby Federation";
			};
			name = Release;
		};
/* End XCBuildConfiguration section */

/* Begin XCConfigurationList section */
		AFAF3CCF2523B86A00BF9D48 /* Build configuration list for PBXProject "Rugby Federation" */ = {
			isa = XCConfigurationList;
			buildConfigurations = (
				AFAF3CFF2523B87000BF9D48 /* Debug */,
				AFAF3D002523B87000BF9D48 /* Release */,
			);
			defaultConfigurationIsVisible = 0;
			defaultConfigurationName = Release;
		};
		AFAF3D012523B87000BF9D48 /* Build configuration list for PBXNativeTarget "Rugby Federation" */ = {
			isa = XCConfigurationList;
			buildConfigurations = (
				AFAF3D022523B87000BF9D48 /* Debug */,
				AFAF3D032523B87000BF9D48 /* Release */,
			);
			defaultConfigurationIsVisible = 0;
			defaultConfigurationName = Release;
		};
		AFAF3D042523B87000BF9D48 /* Build configuration list for PBXNativeTarget "Rugby FederationTests" */ = {
			isa = XCConfigurationList;
			buildConfigurations = (
				AFAF3D052523B87000BF9D48 /* Debug */,
				AFAF3D062523B87000BF9D48 /* Release */,
			);
			defaultConfigurationIsVisible = 0;
			defaultConfigurationName = Release;
		};
		AFAF3D072523B87000BF9D48 /* Build configuration list for PBXNativeTarget "Rugby FederationUITests" */ = {
			isa = XCConfigurationList;
			buildConfigurations = (
				AFAF3D082523B87000BF9D48 /* Debug */,
				AFAF3D092523B87000BF9D48 /* Release */,
			);
			defaultConfigurationIsVisible = 0;
			defaultConfigurationName = Release;
		};
/* End XCConfigurationList section */

/* Begin XCVersionGroup section */
		AFAF3CE02523B86A00BF9D48 /* Rugby_Federation.xcdatamodeld */ = {
			isa = XCVersionGroup;
			children = (
				AFAF3CE12523B86A00BF9D48 /* Rugby_Federation.xcdatamodel */,
			);
			currentVersion = AFAF3CE12523B86A00BF9D48 /* Rugby_Federation.xcdatamodel */;
			path = Rugby_Federation.xcdatamodeld;
			sourceTree = "<group>";
			versionGroupType = wrapper.xcdatamodel;
		};
/* End XCVersionGroup section */
	};
	rootObject = AFAF3CCC2523B86A00BF9D48 /* Project object */;
}
